
Microsoft Visual Studio Solution File, Format Version 11.00
# Visual Studio 2010
Project("{8BC9CEB8-8B4A-11D0-8D11-00A0C91BC942}") = "01_HSH_gugudan", "01_HSH-gugudan\01_HSH-gugudan.vcxproj", "{D781178B-1807-43CE-B8A0-CB5A781BAB7F}"
EndProject
Project("{8BC9CEB8-8B4A-11D0-8D11-00A0C91BC942}") = "02_HSH_AsciiArt", "02_HSH-AsciiArt\02_HSH-AsciiArt.vcxproj", "{9C926AA6-613E-4666-8D73-8E47F167F800}"
EndProject
Project("{8BC9CEB8-8B4A-11D0-8D11-00A0C91BC942}") = "03_HSH_Temperature", "03_HSH-Temperature\03_HSH-Temperature.vcxproj", "{D4906860-EBF6-406C-84A1-545640022457}"
EndProject
Project("{8BC9CEB8-8B4A-11D0-8D11-00A0C91BC942}") = "04_HSH_Tax", "04_HSH-Tax\04_HSH-Tax.vcxproj", "{37C3B5EB-01B7-461A-9D14-6E43CC8B2742}"
EndProject
Project("{8BC9CEB8-8B4A-11D0-8D11-00A0C91BC942}") = "05_HSH_GuguGame", "05_HSH-GuguGame\05_HSH-GuguGame.vcxproj", "{1CC10A64-8F1B-4487-8AB5-1474F5E4BD16}"
EndProject
Project("{8BC9CEB8-8B4A-11D0-8D11-00A0C91BC942}") = "06_HSHGuGuDanRank", "06_HSHGuGuDanRank\06_HSHGuGuDanRank.vcxproj", "{BF16B85A-55B1-4DD5-87FA-26774FB0C45B}"
EndProject
Project("{8BC9CEB8-8B4A-11D0-8D11-00A0C91BC942}") = "07_HSHQuadFn", "07_HSHQuadFn\07_HSHQuadFn.vcxproj", "{A499A095-EEA6-4C38-B757-CA6720887282}"
EndProject
Project("{8BC9CEB8-8B4A-11D0-8D11-00A0C91BC942}") = "08_HSHComplex", "08_HSHComplex\08_HSHComplex.vcxproj", "{2B29F4BC-9F1B-4CAA-BF8A-6CDA1E173B3C}"
EndProject
Project("{8BC9CEB8-8B4A-11D0-8D11-00A0C91BC942}") = "09_HSHMyquadFn", "09_HSHMyquadFn\09_HSHMyquadFn.vcxproj", "{08F0CDAB-A342-4945-92D2-C409D22D3811}"
EndProject
Project("{8BC9CEB8-8B4A-11D0-8D11-00A0C91BC942}") = "10_HSHGuguClass", "10_HSHGuguClass\10_HSHGuguClass.vcxproj", "{168B3416-287F-40C1-B26B-2C3EB92A2652}"
EndProject
Project("{8BC9CEB8-8B4A-11D0-8D11-00A0C91BC942}") = "11_HSHReadNum", "11_HSHReadNum\11_HSHReadNum.vcxproj", "{73A9FC2E-59ED-4216-A4A9-140FB9E32AB1}"
EndProject
Project("{8BC9CEB8-8B4A-11D0-8D11-00A0C91BC942}") = "12_HSHVector2D", "12_HSHVector2D\12_HSHVector2D.vcxproj", "{A7E686D2-AA49-40EC-8587-03512DAD6093}"
EndProject
Project("{8BC9CEB8-8B4A-11D0-8D11-00A0C91BC942}") = "13_HSHVectorClass", "13_HSHVectorClass\13_HSHVectorClass.vcxproj", "{7D2917F3-BE45-4102-A7A0-5BE8C9BC6125}"
EndProject
Project("{8BC9CEB8-8B4A-11D0-8D11-00A0C91BC942}") = "14_HSHRandomWalk", "14_HSHRandomWalk\14_HSHRandomWalk.vcxproj", "{E559C64D-B574-41B4-B850-A232049BA941}"
EndProject
Project("{8BC9CEB8-8B4A-11D0-8D11-00A0C91BC942}") = "15_HSHRandomWalkV2", "15_HSHRandomWalkV2\15_HSHRandomWalkV2.vcxproj", "{7029F19C-F5A5-45FD-9748-1F9551B363C3}"
EndProject
Project("{8BC9CEB8-8B4A-11D0-8D11-00A0C91BC942}") = "16_HSHBugWorld", "16_HSHBugWorld\16_HSHBugWorld.vcxproj", "{C04262A7-0C4E-4CE7-B360-D23E0A5F89CE}"
EndProject
Project("{8BC9CEB8-8B4A-11D0-8D11-00A0C91BC942}") = "17_HSHOverLoad", "17_HSHOverLoad\17_HSHOverLoad.vcxproj", "{8D9D3FEF-FDB9-42CD-9C36-F4620B632102}"
EndProject
Project("{8BC9CEB8-8B4A-11D0-8D11-00A0C91BC942}") = "18_HSHOverLoadVector", "18_HSHOverLoadVector\18_HSHOverLoadVector.vcxproj", "{BB3A4BD4-746B-496A-B418-A5D7FA2661F7}"
EndProject
Global
	GlobalSection(SolutionConfigurationPlatforms) = preSolution
		Debug|Win32 = Debug|Win32
		Release|Win32 = Release|Win32
	EndGlobalSection
	GlobalSection(ProjectConfigurationPlatforms) = postSolution
		{D781178B-1807-43CE-B8A0-CB5A781BAB7F}.Debug|Win32.ActiveCfg = Debug|Win32
		{D781178B-1807-43CE-B8A0-CB5A781BAB7F}.Debug|Win32.Build.0 = Debug|Win32
		{D781178B-1807-43CE-B8A0-CB5A781BAB7F}.Release|Win32.ActiveCfg = Release|Win32
		{D781178B-1807-43CE-B8A0-CB5A781BAB7F}.Release|Win32.Build.0 = Release|Win32
		{9C926AA6-613E-4666-8D73-8E47F167F800}.Debug|Win32.ActiveCfg = Debug|Win32
		{9C926AA6-613E-4666-8D73-8E47F167F800}.Debug|Win32.Build.0 = Debug|Win32
		{9C926AA6-613E-4666-8D73-8E47F167F800}.Release|Win32.ActiveCfg = Release|Win32
		{9C926AA6-613E-4666-8D73-8E47F167F800}.Release|Win32.Build.0 = Release|Win32
		{D4906860-EBF6-406C-84A1-545640022457}.Debug|Win32.ActiveCfg = Debug|Win32
		{D4906860-EBF6-406C-84A1-545640022457}.Debug|Win32.Build.0 = Debug|Win32
		{D4906860-EBF6-406C-84A1-545640022457}.Release|Win32.ActiveCfg = Release|Win32
		{D4906860-EBF6-406C-84A1-545640022457}.Release|Win32.Build.0 = Release|Win32
		{37C3B5EB-01B7-461A-9D14-6E43CC8B2742}.Debug|Win32.ActiveCfg = Debug|Win32
		{37C3B5EB-01B7-461A-9D14-6E43CC8B2742}.Debug|Win32.Build.0 = Debug|Win32
		{37C3B5EB-01B7-461A-9D14-6E43CC8B2742}.Release|Win32.ActiveCfg = Release|Win32
		{37C3B5EB-01B7-461A-9D14-6E43CC8B2742}.Release|Win32.Build.0 = Release|Win32
		{1CC10A64-8F1B-4487-8AB5-1474F5E4BD16}.Debug|Win32.ActiveCfg = Debug|Win32
		{1CC10A64-8F1B-4487-8AB5-1474F5E4BD16}.Debug|Win32.Build.0 = Debug|Win32
		{1CC10A64-8F1B-4487-8AB5-1474F5E4BD16}.Release|Win32.ActiveCfg = Release|Win32
		{1CC10A64-8F1B-4487-8AB5-1474F5E4BD16}.Release|Win32.Build.0 = Release|Win32
		{BF16B85A-55B1-4DD5-87FA-26774FB0C45B}.Debug|Win32.ActiveCfg = Debug|Win32
		{BF16B85A-55B1-4DD5-87FA-26774FB0C45B}.Debug|Win32.Build.0 = Debug|Win32
		{BF16B85A-55B1-4DD5-87FA-26774FB0C45B}.Release|Win32.ActiveCfg = Release|Win32
		{BF16B85A-55B1-4DD5-87FA-26774FB0C45B}.Release|Win32.Build.0 = Release|Win32
		{A499A095-EEA6-4C38-B757-CA6720887282}.Debug|Win32.ActiveCfg = Debug|Win32
		{A499A095-EEA6-4C38-B757-CA6720887282}.Debug|Win32.Build.0 = Debug|Win32
		{A499A095-EEA6-4C38-B757-CA6720887282}.Release|Win32.ActiveCfg = Release|Win32
		{A499A095-EEA6-4C38-B757-CA6720887282}.Release|Win32.Build.0 = Release|Win32
		{2B29F4BC-9F1B-4CAA-BF8A-6CDA1E173B3C}.Debug|Win32.ActiveCfg = Debug|Win32
		{2B29F4BC-9F1B-4CAA-BF8A-6CDA1E173B3C}.Debug|Win32.Build.0 = Debug|Win32
		{2B29F4BC-9F1B-4CAA-BF8A-6CDA1E173B3C}.Release|Win32.ActiveCfg = Release|Win32
		{2B29F4BC-9F1B-4CAA-BF8A-6CDA1E173B3C}.Release|Win32.Build.0 = Release|Win32
		{08F0CDAB-A342-4945-92D2-C409D22D3811}.Debug|Win32.ActiveCfg = Debug|Win32
		{08F0CDAB-A342-4945-92D2-C409D22D3811}.Debug|Win32.Build.0 = Debug|Win32
		{08F0CDAB-A342-4945-92D2-C409D22D3811}.Release|Win32.ActiveCfg = Release|Win32
		{08F0CDAB-A342-4945-92D2-C409D22D3811}.Release|Win32.Build.0 = Release|Win32
		{168B3416-287F-40C1-B26B-2C3EB92A2652}.Debug|Win32.ActiveCfg = Debug|Win32
		{168B3416-287F-40C1-B26B-2C3EB92A2652}.Debug|Win32.Build.0 = Debug|Win32
		{168B3416-287F-40C1-B26B-2C3EB92A2652}.Release|Win32.ActiveCfg = Release|Win32
		{168B3416-287F-40C1-B26B-2C3EB92A2652}.Release|Win32.Build.0 = Release|Win32
		{73A9FC2E-59ED-4216-A4A9-140FB9E32AB1}.Debug|Win32.ActiveCfg = Debug|Win32
		{73A9FC2E-59ED-4216-A4A9-140FB9E32AB1}.Debug|Win32.Build.0 = Debug|Win32
		{73A9FC2E-59ED-4216-A4A9-140FB9E32AB1}.Release|Win32.ActiveCfg = Release|Win32
		{73A9FC2E-59ED-4216-A4A9-140FB9E32AB1}.Release|Win32.Build.0 = Release|Win32
		{A7E686D2-AA49-40EC-8587-03512DAD6093}.Debug|Win32.ActiveCfg = Debug|Win32
		{A7E686D2-AA49-40EC-8587-03512DAD6093}.Debug|Win32.Build.0 = Debug|Win32
		{A7E686D2-AA49-40EC-8587-03512DAD6093}.Release|Win32.ActiveCfg = Release|Win32
		{A7E686D2-AA49-40EC-8587-03512DAD6093}.Release|Win32.Build.0 = Release|Win32
		{7D2917F3-BE45-4102-A7A0-5BE8C9BC6125}.Debug|Win32.ActiveCfg = Debug|Win32
		{7D2917F3-BE45-4102-A7A0-5BE8C9BC6125}.Debug|Win32.Build.0 = Debug|Win32
		{7D2917F3-BE45-4102-A7A0-5BE8C9BC6125}.Release|Win32.ActiveCfg = Release|Win32
		{7D2917F3-BE45-4102-A7A0-5BE8C9BC6125}.Release|Win32.Build.0 = Release|Win32
		{E559C64D-B574-41B4-B850-A232049BA941}.Debug|Win32.ActiveCfg = Debug|Win32
		{E559C64D-B574-41B4-B850-A232049BA941}.Debug|Win32.Build.0 = Debug|Win32
		{E559C64D-B574-41B4-B850-A232049BA941}.Release|Win32.ActiveCfg = Release|Win32
		{E559C64D-B574-41B4-B850-A232049BA941}.Release|Win32.Build.0 = Release|Win32
		{7029F19C-F5A5-45FD-9748-1F9551B363C3}.Debug|Win32.ActiveCfg = Debug|Win32
		{7029F19C-F5A5-45FD-9748-1F9551B363C3}.Debug|Win32.Build.0 = Debug|Win32
		{7029F19C-F5A5-45FD-9748-1F9551B363C3}.Release|Win32.ActiveCfg = Release|Win32
		{7029F19C-F5A5-45FD-9748-1F9551B363C3}.Release|Win32.Build.0 = Release|Win32
		{C04262A7-0C4E-4CE7-B360-D23E0A5F89CE}.Debug|Win32.ActiveCfg = Debug|Win32
		{C04262A7-0C4E-4CE7-B360-D23E0A5F89CE}.Debug|Win32.Build.0 = Debug|Win32
		{C04262A7-0C4E-4CE7-B360-D23E0A5F89CE}.Release|Win32.ActiveCfg = Release|Win32
		{C04262A7-0C4E-4CE7-B360-D23E0A5F89CE}.Release|Win32.Build.0 = Release|Win32
		{8D9D3FEF-FDB9-42CD-9C36-F4620B632102}.Debug|Win32.ActiveCfg = Debug|Win32
		{8D9D3FEF-FDB9-42CD-9C36-F4620B632102}.Debug|Win32.Build.0 = Debug|Win32
		{8D9D3FEF-FDB9-42CD-9C36-F4620B632102}.Release|Win32.ActiveCfg = Release|Win32
		{8D9D3FEF-FDB9-42CD-9C36-F4620B632102}.Release|Win32.Build.0 = Release|Win32
		{BB3A4BD4-746B-496A-B418-A5D7FA2661F7}.Debug|Win32.ActiveCfg = Debug|Win32
		{BB3A4BD4-746B-496A-B418-A5D7FA2661F7}.Debug|Win32.Build.0 = Debug|Win32
		{BB3A4BD4-746B-496A-B418-A5D7FA2661F7}.Release|Win32.ActiveCfg = Release|Win32
		{BB3A4BD4-746B-496A-B418-A5D7FA2661F7}.Release|Win32.Build.0 = Release|Win32
	EndGlobalSection
	GlobalSection(SolutionProperties) = preSolution
		HideSolutionNode = FALSE
	EndGlobalSection
EndGlobal
