
Microsoft Visual Studio Solution File, Format Version 12.00
# Visual Studio 14
VisualStudioVersion = 14.0.25420.1
MinimumVisualStudioVersion = 10.0.40219.1
Project("{8BC9CEB8-8B4A-11D0-8D11-00A0C91BC942}") = "BJ_10817", "BJ_10817\BJ_10817.vcxproj", "{BD81172E-1F98-4BE6-8ADD-879A7478EF40}"
EndProject
Project("{8BC9CEB8-8B4A-11D0-8D11-00A0C91BC942}") = "BJ_9498", "BJ_9498\BJ_9498.vcxproj", "{99908034-B20A-425A-A290-10D5C89865B3}"
EndProject
Project("{8BC9CEB8-8B4A-11D0-8D11-00A0C91BC942}") = "BJ_10871", "BJ_10871\BJ_10871.vcxproj", "{8270B6CC-D4FA-4C46-B2BA-54B83DF0A101}"
EndProject
Project("{8BC9CEB8-8B4A-11D0-8D11-00A0C91BC942}") = "BJ_1546", "BJ_1546\BJ_1546.vcxproj", "{49E5B4DB-574B-4C10-A6C5-620A61B9372E}"
EndProject
Project("{8BC9CEB8-8B4A-11D0-8D11-00A0C91BC942}") = "BJ_4344", "BJ_4344\BJ_4344.vcxproj", "{B583A64B-2A3A-494C-B117-63EF31858579}"
EndProject
Project("{8BC9CEB8-8B4A-11D0-8D11-00A0C91BC942}") = "BJ_1110", "BJ_1110\BJ_1110.vcxproj", "{39950DD4-375C-4CA7-A3F9-F6005C99DDC9}"
EndProject
Global
	GlobalSection(SolutionConfigurationPlatforms) = preSolution
		Debug|x64 = Debug|x64
		Debug|x86 = Debug|x86
		Release|x64 = Release|x64
		Release|x86 = Release|x86
	EndGlobalSection
	GlobalSection(ProjectConfigurationPlatforms) = postSolution
		{BD81172E-1F98-4BE6-8ADD-879A7478EF40}.Debug|x64.ActiveCfg = Debug|x64
		{BD81172E-1F98-4BE6-8ADD-879A7478EF40}.Debug|x64.Build.0 = Debug|x64
		{BD81172E-1F98-4BE6-8ADD-879A7478EF40}.Debug|x86.ActiveCfg = Debug|Win32
		{BD81172E-1F98-4BE6-8ADD-879A7478EF40}.Debug|x86.Build.0 = Debug|Win32
		{BD81172E-1F98-4BE6-8ADD-879A7478EF40}.Release|x64.ActiveCfg = Release|x64
		{BD81172E-1F98-4BE6-8ADD-879A7478EF40}.Release|x64.Build.0 = Release|x64
		{BD81172E-1F98-4BE6-8ADD-879A7478EF40}.Release|x86.ActiveCfg = Release|Win32
		{BD81172E-1F98-4BE6-8ADD-879A7478EF40}.Release|x86.Build.0 = Release|Win32
		{99908034-B20A-425A-A290-10D5C89865B3}.Debug|x64.ActiveCfg = Debug|x64
		{99908034-B20A-425A-A290-10D5C89865B3}.Debug|x64.Build.0 = Debug|x64
		{99908034-B20A-425A-A290-10D5C89865B3}.Debug|x86.ActiveCfg = Debug|Win32
		{99908034-B20A-425A-A290-10D5C89865B3}.Debug|x86.Build.0 = Debug|Win32
		{99908034-B20A-425A-A290-10D5C89865B3}.Release|x64.ActiveCfg = Release|x64
		{99908034-B20A-425A-A290-10D5C89865B3}.Release|x64.Build.0 = Release|x64
		{99908034-B20A-425A-A290-10D5C89865B3}.Release|x86.ActiveCfg = Release|Win32
		{99908034-B20A-425A-A290-10D5C89865B3}.Release|x86.Build.0 = Release|Win32
		{8270B6CC-D4FA-4C46-B2BA-54B83DF0A101}.Debug|x64.ActiveCfg = Debug|x64
		{8270B6CC-D4FA-4C46-B2BA-54B83DF0A101}.Debug|x64.Build.0 = Debug|x64
		{8270B6CC-D4FA-4C46-B2BA-54B83DF0A101}.Debug|x86.ActiveCfg = Debug|Win32
		{8270B6CC-D4FA-4C46-B2BA-54B83DF0A101}.Debug|x86.Build.0 = Debug|Win32
		{8270B6CC-D4FA-4C46-B2BA-54B83DF0A101}.Release|x64.ActiveCfg = Release|x64
		{8270B6CC-D4FA-4C46-B2BA-54B83DF0A101}.Release|x64.Build.0 = Release|x64
		{8270B6CC-D4FA-4C46-B2BA-54B83DF0A101}.Release|x86.ActiveCfg = Release|Win32
		{8270B6CC-D4FA-4C46-B2BA-54B83DF0A101}.Release|x86.Build.0 = Release|Win32
		{49E5B4DB-574B-4C10-A6C5-620A61B9372E}.Debug|x64.ActiveCfg = Debug|x64
		{49E5B4DB-574B-4C10-A6C5-620A61B9372E}.Debug|x64.Build.0 = Debug|x64
		{49E5B4DB-574B-4C10-A6C5-620A61B9372E}.Debug|x86.ActiveCfg = Debug|Win32
		{49E5B4DB-574B-4C10-A6C5-620A61B9372E}.Debug|x86.Build.0 = Debug|Win32
		{49E5B4DB-574B-4C10-A6C5-620A61B9372E}.Release|x64.ActiveCfg = Release|x64
		{49E5B4DB-574B-4C10-A6C5-620A61B9372E}.Release|x64.Build.0 = Release|x64
		{49E5B4DB-574B-4C10-A6C5-620A61B9372E}.Release|x86.ActiveCfg = Release|Win32
		{49E5B4DB-574B-4C10-A6C5-620A61B9372E}.Release|x86.Build.0 = Release|Win32
		{B583A64B-2A3A-494C-B117-63EF31858579}.Debug|x64.ActiveCfg = Debug|x64
		{B583A64B-2A3A-494C-B117-63EF31858579}.Debug|x64.Build.0 = Debug|x64
		{B583A64B-2A3A-494C-B117-63EF31858579}.Debug|x86.ActiveCfg = Debug|Win32
		{B583A64B-2A3A-494C-B117-63EF31858579}.Debug|x86.Build.0 = Debug|Win32
		{B583A64B-2A3A-494C-B117-63EF31858579}.Release|x64.ActiveCfg = Release|x64
		{B583A64B-2A3A-494C-B117-63EF31858579}.Release|x64.Build.0 = Release|x64
		{B583A64B-2A3A-494C-B117-63EF31858579}.Release|x86.ActiveCfg = Release|Win32
		{B583A64B-2A3A-494C-B117-63EF31858579}.Release|x86.Build.0 = Release|Win32
		{39950DD4-375C-4CA7-A3F9-F6005C99DDC9}.Debug|x64.ActiveCfg = Debug|x64
		{39950DD4-375C-4CA7-A3F9-F6005C99DDC9}.Debug|x64.Build.0 = Debug|x64
		{39950DD4-375C-4CA7-A3F9-F6005C99DDC9}.Debug|x86.ActiveCfg = Debug|Win32
		{39950DD4-375C-4CA7-A3F9-F6005C99DDC9}.Debug|x86.Build.0 = Debug|Win32
		{39950DD4-375C-4CA7-A3F9-F6005C99DDC9}.Release|x64.ActiveCfg = Release|x64
		{39950DD4-375C-4CA7-A3F9-F6005C99DDC9}.Release|x64.Build.0 = Release|x64
		{39950DD4-375C-4CA7-A3F9-F6005C99DDC9}.Release|x86.ActiveCfg = Release|Win32
		{39950DD4-375C-4CA7-A3F9-F6005C99DDC9}.Release|x86.Build.0 = Release|Win32
	EndGlobalSection
	GlobalSection(SolutionProperties) = preSolution
		HideSolutionNode = FALSE
	EndGlobalSection
EndGlobal
